{
  "name": "kobra-ia",
  "version": "1.0.0",
  "lockfileVersion": 3,
  "requires": true,
  "packages": {
    "": {
      "name": "kobra-ia",
      "version": "1.0.0",
      "dependencies": {
        "botid": "^1.4.5"
      }
    },
    "node_modules/botid": {
      "version": "1.5.11",
      "resolved": "https://registry.npmjs.org/botid/-/botid-1.5.11.tgz",
      "integrity": "sha512-KOO1A3+/vFVJk5aFoG3sNwiogKFPVR+x4aw4gQ1b2e0XoE+i5xp48/EZn+WqR07jRHeDGwHWQUOtV5WVm7xiww==",
      "peerDependencies": {
        "next": "*",
        "react": "^18.0.0 || ^19.0.0"
      },
      "peerDependenciesMeta": {
        "next": {
          "optional": true
        },
        "react": {
          "optional": true
        }
      }
    }
  }
}
